
Microsoft Visual Studio Solution File, Format Version 12.00
# Visual Studio Version 17
VisualStudioVersion = 17.1.32228.430
MinimumVisualStudioVersion = 10.0.40219.1
Project("{FAE04EC0-301F-11D3-BF4B-00C04F79EFBC}") = "DebateAble.Api", "WebApplication1\DebateAble.Api.csproj", "{C3E8D772-9F74-41E2-A701-9807BB5E9E89}"
EndProject
Project("{00D1A9C2-B5F0-4AF3-8072-F6C62B433612}") = "DebateAble.Database", "DebateAble.Database\DebateAble.Database.sqlproj", "{6DB0A02E-53D5-4F68-B3F0-1683C7528CFF}"
EndProject
Project("{FAE04EC0-301F-11D3-BF4B-00C04F79EFBC}") = "DebateAble.Models", "DebateAble.Models\DebateAble.Models.csproj", "{BBDF492F-8E8D-46F7-A047-748E474F8A75}"
EndProject
Project("{FAE04EC0-301F-11D3-BF4B-00C04F79EFBC}") = "DebateAble.Common", "DebateAble.Common\DebateAble.Common.csproj", "{79C4E57B-ECCF-458D-8088-97001A8813C6}"
EndProject
Global
	GlobalSection(SolutionConfigurationPlatforms) = preSolution
		Debug|Any CPU = Debug|Any CPU
		Release|Any CPU = Release|Any CPU
	EndGlobalSection
	GlobalSection(ProjectConfigurationPlatforms) = postSolution
		{C3E8D772-9F74-41E2-A701-9807BB5E9E89}.Debug|Any CPU.ActiveCfg = Debug|Any CPU
		{C3E8D772-9F74-41E2-A701-9807BB5E9E89}.Debug|Any CPU.Build.0 = Debug|Any CPU
		{C3E8D772-9F74-41E2-A701-9807BB5E9E89}.Release|Any CPU.ActiveCfg = Release|Any CPU
		{C3E8D772-9F74-41E2-A701-9807BB5E9E89}.Release|Any CPU.Build.0 = Release|Any CPU
		{6DB0A02E-53D5-4F68-B3F0-1683C7528CFF}.Debug|Any CPU.ActiveCfg = Debug|Any CPU
		{6DB0A02E-53D5-4F68-B3F0-1683C7528CFF}.Debug|Any CPU.Build.0 = Debug|Any CPU
		{6DB0A02E-53D5-4F68-B3F0-1683C7528CFF}.Debug|Any CPU.Deploy.0 = Debug|Any CPU
		{6DB0A02E-53D5-4F68-B3F0-1683C7528CFF}.Release|Any CPU.ActiveCfg = Release|Any CPU
		{6DB0A02E-53D5-4F68-B3F0-1683C7528CFF}.Release|Any CPU.Build.0 = Release|Any CPU
		{6DB0A02E-53D5-4F68-B3F0-1683C7528CFF}.Release|Any CPU.Deploy.0 = Release|Any CPU
		{BBDF492F-8E8D-46F7-A047-748E474F8A75}.Debug|Any CPU.ActiveCfg = Debug|Any CPU
		{BBDF492F-8E8D-46F7-A047-748E474F8A75}.Debug|Any CPU.Build.0 = Debug|Any CPU
		{BBDF492F-8E8D-46F7-A047-748E474F8A75}.Release|Any CPU.ActiveCfg = Release|Any CPU
		{BBDF492F-8E8D-46F7-A047-748E474F8A75}.Release|Any CPU.Build.0 = Release|Any CPU
		{79C4E57B-ECCF-458D-8088-97001A8813C6}.Debug|Any CPU.ActiveCfg = Debug|Any CPU
		{79C4E57B-ECCF-458D-8088-97001A8813C6}.Debug|Any CPU.Build.0 = Debug|Any CPU
		{79C4E57B-ECCF-458D-8088-97001A8813C6}.Release|Any CPU.ActiveCfg = Release|Any CPU
		{79C4E57B-ECCF-458D-8088-97001A8813C6}.Release|Any CPU.Build.0 = Release|Any CPU
	EndGlobalSection
	GlobalSection(SolutionProperties) = preSolution
		HideSolutionNode = FALSE
	EndGlobalSection
	GlobalSection(ExtensibilityGlobals) = postSolution
		SolutionGuid = {90965B32-E0D9-4235-91C8-47728DE9EE18}
	EndGlobalSection
EndGlobal
